
Microsoft Visual Studio Solution File, Format Version 12.00
# Visual Studio Version 17
VisualStudioVersion = 17.8.34525.116
MinimumVisualStudioVersion = 10.0.40219.1
Project("{FAE04EC0-301F-11D3-BF4B-00C04F79EFBC}") = "RelationShip", "RelationShip\RelationShip.csproj", "{DFB84DC4-5B38-47B4-9DC3-4AEB2C9984F0}"
EndProject
Global
	GlobalSection(SolutionConfigurationPlatforms) = preSolution
		Debug|Any CPU = Debug|Any CPU
		Release|Any CPU = Release|Any CPU
	EndGlobalSection
	GlobalSection(ProjectConfigurationPlatforms) = postSolution
		{DFB84DC4-5B38-47B4-9DC3-4AEB2C9984F0}.Debug|Any CPU.ActiveCfg = Debug|Any CPU
		{DFB84DC4-5B38-47B4-9DC3-4AEB2C9984F0}.Debug|Any CPU.Build.0 = Debug|Any CPU
		{DFB84DC4-5B38-47B4-9DC3-4AEB2C9984F0}.Release|Any CPU.ActiveCfg = Release|Any CPU
		{DFB84DC4-5B38-47B4-9DC3-4AEB2C9984F0}.Release|Any CPU.Build.0 = Release|Any CPU
	EndGlobalSection
	GlobalSection(SolutionProperties) = preSolution
		HideSolutionNode = FALSE
	EndGlobalSection
	GlobalSection(ExtensibilityGlobals) = postSolution
		SolutionGuid = {CBC9E9D9-B6CB-488E-AEF2-0A25A6C4FB09}
	EndGlobalSection
EndGlobal
